
Microsoft Visual Studio Solution File, Format Version 12.00
# Visual Studio Version 17
VisualStudioVersion = 17.11.35222.181
MinimumVisualStudioVersion = 10.0.40219.1
Project("{FAE04EC0-301F-11D3-BF4B-00C04F79EFBC}") = "DaneXML", "DaneXML.csproj", "{302CD913-E341-496C-80E5-BB4982D853EB}"
EndProject
Global
	GlobalSection(SolutionConfigurationPlatforms) = preSolution
		Debug|Any CPU = Debug|Any CPU
		Release|Any CPU = Release|Any CPU
	EndGlobalSection
	GlobalSection(ProjectConfigurationPlatforms) = postSolution
		{302CD913-E341-496C-80E5-BB4982D853EB}.Debug|Any CPU.ActiveCfg = Debug|Any CPU
		{302CD913-E341-496C-80E5-BB4982D853EB}.Debug|Any CPU.Build.0 = Debug|Any CPU
		{302CD913-E341-496C-80E5-BB4982D853EB}.Release|Any CPU.ActiveCfg = Release|Any CPU
		{302CD913-E341-496C-80E5-BB4982D853EB}.Release|Any CPU.Build.0 = Release|Any CPU
	EndGlobalSection
	GlobalSection(SolutionProperties) = preSolution
		HideSolutionNode = FALSE
	EndGlobalSection
	GlobalSection(ExtensibilityGlobals) = postSolution
		SolutionGuid = {AAAEAB57-043C-4559-950B-CACC5373E704}
	EndGlobalSection
EndGlobal
